// !$*UTF8*$!
{
	archiveVersion = 1;
	classes = {
	};
	objectVersion = 48;
	objects = {

/* Begin PBXBuildFile section */
		4F5AA0984FD0409AEB73AC4E /* Pods_ARKit_Sampler.framework in Frameworks */ = {isa = PBXBuildFile; fileRef = 7B6FA6DDC58BD46FBC840EC1 /* Pods_ARKit_Sampler.framework */; };
		8A086D941F71941C00951ABF /* RootViewCell.swift in Sources */ = {isa = PBXBuildFile; fileRef = 8A086D931F71941C00951ABF /* RootViewCell.swift */; };
		8A086D971F71968C00951ABF /* Simple.storyboard in Resources */ = {isa = PBXBuildFile; fileRef = 8A086D961F71968C00951ABF /* Simple.storyboard */; };
		8A086D991F7196A300951ABF /* SimpleViewController.swift in Sources */ = {isa = PBXBuildFile; fileRef = 8A086D981F7196A300951ABF /* SimpleViewController.swift */; };
		8A086D9B1F7197F700951ABF /* models.scnassets in Resources */ = {isa = PBXBuildFile; fileRef = 8A086D9A1F7197F600951ABF /* models.scnassets */; };
		8A086DA11F7198D900951ABF /* ARPlaneAnchor+Visualize.swift in Sources */ = {isa = PBXBuildFile; fileRef = 8A086D9D1F7198D900951ABF /* ARPlaneAnchor+Visualize.swift */; };
		8A086DA21F7198D900951ABF /* Common.swift in Sources */ = {isa = PBXBuildFile; fileRef = 8A086D9E1F7198D900951ABF /* Common.swift */; };
		8A086DA31F7198D900951ABF /* SceneKitUtils.swift in Sources */ = {isa = PBXBuildFile; fileRef = 8A086D9F1F7198D900951ABF /* SceneKitUtils.swift */; };
		8A086DA41F7198D900951ABF /* TrackingState+Description.swift in Sources */ = {isa = PBXBuildFile; fileRef = 8A086DA01F7198D900951ABF /* TrackingState+Description.swift */; };
		8A086DA71F719C2600951ABF /* PlaneDetectionViewController.swift in Sources */ = {isa = PBXBuildFile; fileRef = 8A086DA51F719C2600951ABF /* PlaneDetectionViewController.swift */; };
		8A086DA81F719C2600951ABF /* PlaneDetection.storyboard in Resources */ = {isa = PBXBuildFile; fileRef = 8A086DA61F719C2600951ABF /* PlaneDetection.storyboard */; };
		8A086DAB1F71A08900951ABF /* VirtualObjectViewController.swift in Sources */ = {isa = PBXBuildFile; fileRef = 8A086DA91F71A08900951ABF /* VirtualObjectViewController.swift */; };
		8A086DAC1F71A08900951ABF /* VirtualObject.storyboard in Resources */ = {isa = PBXBuildFile; fileRef = 8A086DAA1F71A08900951ABF /* VirtualObject.storyboard */; };
		8A189526214350CC00282899 /* wheelbarrow.usdz in Resources */ = {isa = PBXBuildFile; fileRef = 8A189525214350CC00282899 /* wheelbarrow.usdz */; };
		8A18952A214350D400282899 /* USDZViewController.swift in Sources */ = {isa = PBXBuildFile; fileRef = 8A189528214350D400282899 /* USDZViewController.swift */; };
		8A18952B214350D400282899 /* USDZ.storyboard in Resources */ = {isa = PBXBuildFile; fileRef = 8A189529214350D400282899 /* USDZ.storyboard */; };
		8A18952D214355C900282899 /* teapot.usdz in Resources */ = {isa = PBXBuildFile; fileRef = 8A18952C214355C900282899 /* teapot.usdz */; };
		8A430D312020D11E00B646D3 /* ARSCNProgramViewController.swift in Sources */ = {isa = PBXBuildFile; fileRef = 8A430D302020D11E00B646D3 /* ARSCNProgramViewController.swift */; };
		8A430D332020D13200B646D3 /* ARSCNProgram.storyboard in Resources */ = {isa = PBXBuildFile; fileRef = 8A430D322020D13200B646D3 /* ARSCNProgram.storyboard */; };
		8A430D352020D15400B646D3 /* ARSCNProgramShader.metal in Sources */ = {isa = PBXBuildFile; fileRef = 8A430D342020D15400B646D3 /* ARSCNProgramShader.metal */; };
		8A783E542078D44B00B3A2D0 /* ShapedPlaneViewController.swift in Sources */ = {isa = PBXBuildFile; fileRef = 8A783E532078D44B00B3A2D0 /* ShapedPlaneViewController.swift */; };
		8A783E562078D46F00B3A2D0 /* ShapedPlane.storyboard in Resources */ = {isa = PBXBuildFile; fileRef = 8A783E552078D46F00B3A2D0 /* ShapedPlane.storyboard */; };
		8A8921CA1F718E040087C2B0 /* AppDelegate.swift in Sources */ = {isa = PBXBuildFile; fileRef = 8A8921C91F718E040087C2B0 /* AppDelegate.swift */; };
		8A8921CF1F718E040087C2B0 /* Main.storyboard in Resources */ = {isa = PBXBuildFile; fileRef = 8A8921CD1F718E040087C2B0 /* Main.storyboard */; };
		8A8921D11F718E040087C2B0 /* Assets.xcassets in Resources */ = {isa = PBXBuildFile; fileRef = 8A8921D01F718E040087C2B0 /* Assets.xcassets */; };
		8A8921D41F718E040087C2B0 /* LaunchScreen.storyboard in Resources */ = {isa = PBXBuildFile; fileRef = 8A8921D21F718E040087C2B0 /* LaunchScreen.storyboard */; };
		8A8921DC1F7190010087C2B0 /* RootViewController.swift in Sources */ = {isa = PBXBuildFile; fileRef = 8A8921DB1F7190010087C2B0 /* RootViewController.swift */; };
		8A8921DE1F7191370087C2B0 /* SampleDataSource.swift in Sources */ = {isa = PBXBuildFile; fileRef = 8A8921DD1F7191370087C2B0 /* SampleDataSource.swift */; };
		8A9C49BF1F71ACAF00C8CB69 /* ARInteraction.storyboard in Resources */ = {isa = PBXBuildFile; fileRef = 8A9C49BC1F71ACAF00C8CB69 /* ARInteraction.storyboard */; };
		8A9C49C01F71ACAF00C8CB69 /* ARInteractionViewController.swift in Sources */ = {isa = PBXBuildFile; fileRef = 8A9C49BD1F71ACAF00C8CB69 /* ARInteractionViewController.swift */; };
		8A9C49C31F71B12D00C8CB69 /* VirtualObjectNode.swift in Sources */ = {isa = PBXBuildFile; fileRef = 8A9C49C21F71B12D00C8CB69 /* VirtualObjectNode.swift */; };
		8A9C49C71F71B99900C8CB69 /* ARMeasure.storyboard in Resources */ = {isa = PBXBuildFile; fileRef = 8A9C49C51F71B99900C8CB69 /* ARMeasure.storyboard */; };
		8A9C49C81F71B99900C8CB69 /* ARMeasureViewController.swift in Sources */ = {isa = PBXBuildFile; fileRef = 8A9C49C61F71B99900C8CB69 /* ARMeasureViewController.swift */; };
		8A9C49CD1F71BF0500C8CB69 /* ARDrawing.storyboard in Resources */ = {isa = PBXBuildFile; fileRef = 8A9C49CA1F71BF0500C8CB69 /* ARDrawing.storyboard */; };
		8A9C49CE1F71BF0500C8CB69 /* ARDrawingViewController.swift in Sources */ = {isa = PBXBuildFile; fileRef = 8A9C49CB1F71BF0500C8CB69 /* ARDrawingViewController.swift */; };
		8A9C49CF1F71BF0500C8CB69 /* DynamicGeometry.swift in Sources */ = {isa = PBXBuildFile; fileRef = 8A9C49CC1F71BF0500C8CB69 /* DynamicGeometry.swift */; };
		8A9C49D41F71C5D900C8CB69 /* ARObjectDetection.storyboard in Resources */ = {isa = PBXBuildFile; fileRef = 8A9C49D11F71C5D900C8CB69 /* ARObjectDetection.storyboard */; };
		8A9C49D51F71C5D900C8CB69 /* ARObjectDetectionViewController.swift in Sources */ = {isa = PBXBuildFile; fileRef = 8A9C49D21F71C5D900C8CB69 /* ARObjectDetectionViewController.swift */; };
		8A9C49D61F71C5D900C8CB69 /* TagNode.swift in Sources */ = {isa = PBXBuildFile; fileRef = 8A9C49D31F71C5D900C8CB69 /* TagNode.swift */; };
		8A9C49D91F71C65B00C8CB69 /* Inceptionv3.mlmodel in Sources */ = {isa = PBXBuildFile; fileRef = 8A9C49D81F71C65B00C8CB69 /* Inceptionv3.mlmodel */; };
		8A9C49E11F71CD0D00C8CB69 /* ARMetal.storyboard in Resources */ = {isa = PBXBuildFile; fileRef = 8A9C49DB1F71CD0D00C8CB69 /* ARMetal.storyboard */; };
		8A9C49E21F71CD0D00C8CB69 /* ARMetalViewController.swift in Sources */ = {isa = PBXBuildFile; fileRef = 8A9C49DC1F71CD0D00C8CB69 /* ARMetalViewController.swift */; };
		8A9C49E51F71CD0D00C8CB69 /* MetalImageView.swift in Sources */ = {isa = PBXBuildFile; fileRef = 8A9C49E01F71CD0D00C8CB69 /* MetalImageView.swift */; };
		8A9C49E71F71CEC600C8CB69 /* Shaders.metal in Sources */ = {isa = PBXBuildFile; fileRef = 8A9C49E61F71CEC600C8CB69 /* Shaders.metal */; };
		8AAECE141F7850D600C20BF9 /* ARMetalImageView.swift in Sources */ = {isa = PBXBuildFile; fileRef = 8AAECE131F7850D600C20BF9 /* ARMetalImageView.swift */; };
		8ADD3E791FF16CE500D988BD /* ARFaceSimple.storyboard in Resources */ = {isa = PBXBuildFile; fileRef = 8ADD3E771FF16CE500D988BD /* ARFaceSimple.storyboard */; };
		8ADD3E7A1FF16CE500D988BD /* ARFaceSimpleViewController.swift in Sources */ = {isa = PBXBuildFile; fileRef = 8ADD3E781FF16CE500D988BD /* ARFaceSimpleViewController.swift */; };
		8ADD3E7E1FF175AC00D988BD /* ARFaceNode.swift in Sources */ = {isa = PBXBuildFile; fileRef = 8ADD3E7D1FF175AC00D988BD /* ARFaceNode.swift */; };
		8AEDCA3E201F7BE200C56AF7 /* VerticalPlanesViewController.swift in Sources */ = {isa = PBXBuildFile; fileRef = 8AEDCA3D201F7BE100C56AF7 /* VerticalPlanesViewController.swift */; };
		8AEDCA40201F7BFE00C56AF7 /* VerticalPlanes.storyboard in Resources */ = {isa = PBXBuildFile; fileRef = 8AEDCA3F201F7BFE00C56AF7 /* VerticalPlanes.storyboard */; };
/* End PBXBuildFile section */

/* Begin PBXFileReference section */
		1F13E8C5860DBEF1BD063CF8 /* Pods-ARKit-Sampler.debug.xcconfig */ = {isa = PBXFileReference; includeInIndex = 1; lastKnownFileType = text.xcconfig; name = "Pods-ARKit-Sampler.debug.xcconfig"; path = "Pods/Target Support Files/Pods-ARKit-Sampler/Pods-ARKit-Sampler.debug.xcconfig"; sourceTree = "<group>"; };
		7B6FA6DDC58BD46FBC840EC1 /* Pods_ARKit_Sampler.framework */ = {isa = PBXFileReference; explicitFileType = wrapper.framework; includeInIndex = 0; path = Pods_ARKit_Sampler.framework; sourceTree = BUILT_PRODUCTS_DIR; };
		8A086D931F71941C00951ABF /* RootViewCell.swift */ = {isa = PBXFileReference; fileEncoding = 4; lastKnownFileType = sourcecode.swift; path = RootViewCell.swift; sourceTree = "<group>"; };
		8A086D961F71968C00951ABF /* Simple.storyboard */ = {isa = PBXFileReference; lastKnownFileType = file.storyboard; path = Simple.storyboard; sourceTree = "<group>"; };
		8A086D981F7196A300951ABF /* SimpleViewController.swift */ = {isa = PBXFileReference; lastKnownFileType = sourcecode.swift; path = SimpleViewController.swift; sourceTree = "<group>"; };
		8A086D9A1F7197F600951ABF /* models.scnassets */ = {isa = PBXFileReference; lastKnownFileType = wrapper.scnassets; path = models.scnassets; sourceTree = "<group>"; };
		8A086D9D1F7198D900951ABF /* ARPlaneAnchor+Visualize.swift */ = {isa = PBXFileReference; fileEncoding = 4; lastKnownFileType = sourcecode.swift; path = "ARPlaneAnchor+Visualize.swift"; sourceTree = "<group>"; };
		8A086D9E1F7198D900951ABF /* Common.swift */ = {isa = PBXFileReference; fileEncoding = 4; lastKnownFileType = sourcecode.swift; path = Common.swift; sourceTree = "<group>"; };
		8A086D9F1F7198D900951ABF /* SceneKitUtils.swift */ = {isa = PBXFileReference; fileEncoding = 4; lastKnownFileType = sourcecode.swift; path = SceneKitUtils.swift; sourceTree = "<group>"; };
		8A086DA01F7198D900951ABF /* TrackingState+Description.swift */ = {isa = PBXFileReference; fileEncoding = 4; lastKnownFileType = sourcecode.swift; path = "TrackingState+Description.swift"; sourceTree = "<group>"; };
		8A086DA51F719C2600951ABF /* PlaneDetectionViewController.swift */ = {isa = PBXFileReference; fileEncoding = 4; lastKnownFileType = sourcecode.swift; path = PlaneDetectionViewController.swift; sourceTree = "<group>"; };
		8A086DA61F719C2600951ABF /* PlaneDetection.storyboard */ = {isa = PBXFileReference; fileEncoding = 4; lastKnownFileType = file.storyboard; path = PlaneDetection.storyboard; sourceTree = "<group>"; };
		8A086DA91F71A08900951ABF /* VirtualObjectViewController.swift */ = {isa = PBXFileReference; fileEncoding = 4; lastKnownFileType = sourcecode.swift; path = VirtualObjectViewController.swift; sourceTree = "<group>"; };
		8A086DAA1F71A08900951ABF /* VirtualObject.storyboard */ = {isa = PBXFileReference; fileEncoding = 4; lastKnownFileType = file.storyboard; path = VirtualObject.storyboard; sourceTree = "<group>"; };
		8A189525214350CC00282899 /* wheelbarrow.usdz */ = {isa = PBXFileReference; lastKnownFileType = file; path = wheelbarrow.usdz; sourceTree = "<group>"; };
		8A189528214350D400282899 /* USDZViewController.swift */ = {isa = PBXFileReference; fileEncoding = 4; lastKnownFileType = sourcecode.swift; path = USDZViewController.swift; sourceTree = "<group>"; };
		8A189529214350D400282899 /* USDZ.storyboard */ = {isa = PBXFileReference; fileEncoding = 4; lastKnownFileType = file.storyboard; path = USDZ.storyboard; sourceTree = "<group>"; };
		8A18952C214355C900282899 /* teapot.usdz */ = {isa = PBXFileReference; lastKnownFileType = file; path = teapot.usdz; sourceTree = "<group>"; };
		8A430D302020D11E00B646D3 /* ARSCNProgramViewController.swift */ = {isa = PBXFileReference; fileEncoding = 4; lastKnownFileType = sourcecode.swift; path = ARSCNProgramViewController.swift; sourceTree = "<group>"; };
		8A430D322020D13200B646D3 /* ARSCNProgram.storyboard */ = {isa = PBXFileReference; lastKnownFileType = file.storyboard; path = ARSCNProgram.storyboard; sourceTree = "<group>"; };
		8A430D342020D15400B646D3 /* ARSCNProgramShader.metal */ = {isa = PBXFileReference; fileEncoding = 4; lastKnownFileType = sourcecode.metal; path = ARSCNProgramShader.metal; sourceTree = "<group>"; };
		8A783E532078D44B00B3A2D0 /* ShapedPlaneViewController.swift */ = {isa = PBXFileReference; fileEncoding = 4; lastKnownFileType = sourcecode.swift; path = ShapedPlaneViewController.swift; sourceTree = "<group>"; };
		8A783E552078D46F00B3A2D0 /* ShapedPlane.storyboard */ = {isa = PBXFileReference; lastKnownFileType = file.storyboard; path = ShapedPlane.storyboard; sourceTree = "<group>"; };
		8A8921C61F718E040087C2B0 /* ARKit-Sampler.app */ = {isa = PBXFileReference; explicitFileType = wrapper.application; includeInIndex = 0; path = "ARKit-Sampler.app"; sourceTree = BUILT_PRODUCTS_DIR; };
		8A8921C91F718E040087C2B0 /* AppDelegate.swift */ = {isa = PBXFileReference; lastKnownFileType = sourcecode.swift; path = AppDelegate.swift; sourceTree = "<group>"; };
		8A8921CE1F718E040087C2B0 /* Base */ = {isa = PBXFileReference; lastKnownFileType = file.storyboard; name = Base; path = Base.lproj/Main.storyboard; sourceTree = "<group>"; };
		8A8921D01F718E040087C2B0 /* Assets.xcassets */ = {isa = PBXFileReference; lastKnownFileType = folder.assetcatalog; path = Assets.xcassets; sourceTree = "<group>"; };
		8A8921D31F718E040087C2B0 /* Base */ = {isa = PBXFileReference; lastKnownFileType = file.storyboard; name = Base; path = Base.lproj/LaunchScreen.storyboard; sourceTree = "<group>"; };
		8A8921D51F718E040087C2B0 /* Info.plist */ = {isa = PBXFileReference; lastKnownFileType = text.plist.xml; path = Info.plist; sourceTree = "<group>"; };
		8A8921DB1F7190010087C2B0 /* RootViewController.swift */ = {isa = PBXFileReference; lastKnownFileType = sourcecode.swift; path = RootViewController.swift; sourceTree = "<group>"; };
		8A8921DD1F7191370087C2B0 /* SampleDataSource.swift */ = {isa = PBXFileReference; fileEncoding = 4; lastKnownFileType = sourcecode.swift; path = SampleDataSource.swift; sourceTree = "<group>"; };
		8A9C49BC1F71ACAF00C8CB69 /* ARInteraction.storyboard */ = {isa = PBXFileReference; fileEncoding = 4; lastKnownFileType = file.storyboard; path = ARInteraction.storyboard; sourceTree = "<group>"; };
		8A9C49BD1F71ACAF00C8CB69 /* ARInteractionViewController.swift */ = {isa = PBXFileReference; fileEncoding = 4; lastKnownFileType = sourcecode.swift; path = ARInteractionViewController.swift; sourceTree = "<group>"; };
		8A9C49C21F71B12D00C8CB69 /* VirtualObjectNode.swift */ = {isa = PBXFileReference; lastKnownFileType = sourcecode.swift; path = VirtualObjectNode.swift; sourceTree = "<group>"; };
		8A9C49C51F71B99900C8CB69 /* ARMeasure.storyboard */ = {isa = PBXFileReference; fileEncoding = 4; lastKnownFileType = file.storyboard; path = ARMeasure.storyboard; sourceTree = "<group>"; };
		8A9C49C61F71B99900C8CB69 /* ARMeasureViewController.swift */ = {isa = PBXFileReference; fileEncoding = 4; lastKnownFileType = sourcecode.swift; path = ARMeasureViewController.swift; sourceTree = "<group>"; };
		8A9C49CA1F71BF0500C8CB69 /* ARDrawing.storyboard */ = {isa = PBXFileReference; fileEncoding = 4; lastKnownFileType = file.storyboard; path = ARDrawing.storyboard; sourceTree = "<group>"; };
		8A9C49CB1F71BF0500C8CB69 /* ARDrawingViewController.swift */ = {isa = PBXFileReference; fileEncoding = 4; lastKnownFileType = sourcecode.swift; path = ARDrawingViewController.swift; sourceTree = "<group>"; };
		8A9C49CC1F71BF0500C8CB69 /* DynamicGeometry.swift */ = {isa = PBXFileReference; fileEncoding = 4; lastKnownFileType = sourcecode.swift; path = DynamicGeometry.swift; sourceTree = "<group>"; };
		8A9C49D11F71C5D900C8CB69 /* ARObjectDetection.storyboard */ = {isa = PBXFileReference; fileEncoding = 4; lastKnownFileType = file.storyboard; path = ARObjectDetection.storyboard; sourceTree = "<group>"; };
		8A9C49D21F71C5D900C8CB69 /* ARObjectDetectionViewController.swift */ = {isa = PBXFileReference; fileEncoding = 4; lastKnownFileType = sourcecode.swift; path = ARObjectDetectionViewController.swift; sourceTree = "<group>"; };
		8A9C49D31F71C5D900C8CB69 /* TagNode.swift */ = {isa = PBXFileReference; fileEncoding = 4; lastKnownFileType = sourcecode.swift; path = TagNode.swift; sourceTree = "<group>"; };
		8A9C49D81F71C65B00C8CB69 /* Inceptionv3.mlmodel */ = {isa = PBXFileReference; lastKnownFileType = file.mlmodel; path = Inceptionv3.mlmodel; sourceTree = "<group>"; };
		8A9C49DB1F71CD0D00C8CB69 /* ARMetal.storyboard */ = {isa = PBXFileReference; fileEncoding = 4; lastKnownFileType = file.storyboard; path = ARMetal.storyboard; sourceTree = "<group>"; };
		8A9C49DC1F71CD0D00C8CB69 /* ARMetalViewController.swift */ = {isa = PBXFileReference; fileEncoding = 4; lastKnownFileType = sourcecode.swift; path = ARMetalViewController.swift; sourceTree = "<group>"; };
		8A9C49E01F71CD0D00C8CB69 /* MetalImageView.swift */ = {isa = PBXFileReference; fileEncoding = 4; lastKnownFileType = sourcecode.swift; path = MetalImageView.swift; sourceTree = "<group>"; };
		8A9C49E61F71CEC600C8CB69 /* Shaders.metal */ = {isa = PBXFileReference; fileEncoding = 4; lastKnownFileType = sourcecode.metal; path = Shaders.metal; sourceTree = "<group>"; };
		8AAECE131F7850D600C20BF9 /* ARMetalImageView.swift */ = {isa = PBXFileReference; lastKnownFileType = sourcecode.swift; path = ARMetalImageView.swift; sourceTree = "<group>"; };
		8ADD3E771FF16CE500D988BD /* ARFaceSimple.storyboard */ = {isa = PBXFileReference; fileEncoding = 4; lastKnownFileType = file.storyboard; path = ARFaceSimple.storyboard; sourceTree = "<group>"; };
		8ADD3E781FF16CE500D988BD /* ARFaceSimpleViewController.swift */ = {isa = PBXFileReference; fileEncoding = 4; lastKnownFileType = sourcecode.swift; path = ARFaceSimpleViewController.swift; sourceTree = "<group>"; };
		8ADD3E7D1FF175AC00D988BD /* ARFaceNode.swift */ = {isa = PBXFileReference; lastKnownFileType = sourcecode.swift; path = ARFaceNode.swift; sourceTree = "<group>"; };
		8AEDCA3D201F7BE100C56AF7 /* VerticalPlanesViewController.swift */ = {isa = PBXFileReference; fileEncoding = 4; lastKnownFileType = sourcecode.swift; path = VerticalPlanesViewController.swift; sourceTree = "<group>"; };
		8AEDCA3F201F7BFE00C56AF7 /* VerticalPlanes.storyboard */ = {isa = PBXFileReference; lastKnownFileType = file.storyboard; path = VerticalPlanes.storyboard; sourceTree = "<group>"; };
		8FBAFB21E706B4A02B0EA992 /* Pods-ARKit-Sampler.release.xcconfig */ = {isa = PBXFileReference; includeInIndex = 1; lastKnownFileType = text.xcconfig; name = "Pods-ARKit-Sampler.release.xcconfig"; path = "Pods/Target Support Files/Pods-ARKit-Sampler/Pods-ARKit-Sampler.release.xcconfig"; sourceTree = "<group>"; };
/* End PBXFileReference section */

/* Begin PBXFrameworksBuildPhase section */
		8A8921C31F718E040087C2B0 /* Frameworks */ = {
			isa = PBXFrameworksBuildPhase;
			buildActionMask = 2147483647;
			files = (
				4F5AA0984FD0409AEB73AC4E /* Pods_ARKit_Sampler.framework in Frameworks */,
			);
			runOnlyForDeploymentPostprocessing = 0;
		};
/* End PBXFrameworksBuildPhase section */

/* Begin PBXGroup section */
		297F2017A339FCD6D3645863 /* Frameworks */ = {
			isa = PBXGroup;
			children = (
				7B6FA6DDC58BD46FBC840EC1 /* Pods_ARKit_Sampler.framework */,
			);
			name = Frameworks;
			sourceTree = "<group>";
		};
		38046705730D58ABBFA12F52 /* Pods */ = {
			isa = PBXGroup;
			children = (
				1F13E8C5860DBEF1BD063CF8 /* Pods-ARKit-Sampler.debug.xcconfig */,
				8FBAFB21E706B4A02B0EA992 /* Pods-ARKit-Sampler.release.xcconfig */,
			);
			name = Pods;
			sourceTree = "<group>";
		};
		8A086D951F71967800951ABF /* Samples */ = {
			isa = PBXGroup;
			children = (
				8A9C49B71F71AC6600C8CB69 /* Simple */,
				8A9C49B81F71AC7F00C8CB69 /* PlaneDetection */,
				8A9C49BA1F71AC9100C8CB69 /* VirtualObject */,
				8A9C49BB1F71ACAF00C8CB69 /* ARInteraction */,
				8A9C49C41F71B99900C8CB69 /* ARMeasure */,
				8A9C49C91F71BF0500C8CB69 /* ARDrawing */,
				8A9C49D01F71C5D900C8CB69 /* ARObjectDetection */,
				8A9C49DA1F71CD0D00C8CB69 /* ARMetal */,
				8A430D2F2020D11E00B646D3 /* ARSCNProgram */,
				8ADD3E761FF16CE500D988BD /* ARFaceSimple */,
				8AEDCA3C201F7BE100C56AF7 /* VerticalPlanes */,
				8A783E522078D44B00B3A2D0 /* ShapedPlane */,
				8A189527214350D400282899 /* USDZ */,
			);
			path = Samples;
			sourceTree = "<group>";
		};
		8A086D9C1F7198D900951ABF /* common */ = {
			isa = PBXGroup;
			children = (
				8A086D9E1F7198D900951ABF /* Common.swift */,
				8A086D9D1F7198D900951ABF /* ARPlaneAnchor+Visualize.swift */,
				8A086D9F1F7198D900951ABF /* SceneKitUtils.swift */,
				8A086DA01F7198D900951ABF /* TrackingState+Description.swift */,
				8A9C49C21F71B12D00C8CB69 /* VirtualObjectNode.swift */,
			);
			path = common;
			sourceTree = "<group>";
		};
		8A189524214350CC00282899 /* usdz */ = {
			isa = PBXGroup;
			children = (
				8A18952C214355C900282899 /* teapot.usdz */,
				8A189525214350CC00282899 /* wheelbarrow.usdz */,
			);
			path = usdz;
			sourceTree = "<group>";
		};
		8A189527214350D400282899 /* USDZ */ = {
			isa = PBXGroup;
			children = (
				8A189528214350D400282899 /* USDZViewController.swift */,
				8A189529214350D400282899 /* USDZ.storyboard */,
			);
			path = USDZ;
			sourceTree = "<group>";
		};
		8A430D2F2020D11E00B646D3 /* ARSCNProgram */ = {
			isa = PBXGroup;
			children = (
				8A430D342020D15400B646D3 /* ARSCNProgramShader.metal */,
				8A430D302020D11E00B646D3 /* ARSCNProgramViewController.swift */,
				8A430D322020D13200B646D3 /* ARSCNProgram.storyboard */,
			);
			path = ARSCNProgram;
			sourceTree = "<group>";
		};
		8A783E522078D44B00B3A2D0 /* ShapedPlane */ = {
			isa = PBXGroup;
			children = (
				8A783E532078D44B00B3A2D0 /* ShapedPlaneViewController.swift */,
				8A783E552078D46F00B3A2D0 /* ShapedPlane.storyboard */,
			);
			path = ShapedPlane;
			sourceTree = "<group>";
		};
		8A8921BD1F718E040087C2B0 = {
			isa = PBXGroup;
			children = (
				8A189524214350CC00282899 /* usdz */,
				8A086D9C1F7198D900951ABF /* common */,
				8A9C49D71F71C65B00C8CB69 /* mlmodels */,
				8A086D9A1F7197F600951ABF /* models.scnassets */,
				8A8921C81F718E040087C2B0 /* ARKit-Sampler */,
				8A8921C71F718E040087C2B0 /* Products */,
				38046705730D58ABBFA12F52 /* Pods */,
				297F2017A339FCD6D3645863 /* Frameworks */,
			);
			sourceTree = "<group>";
		};
		8A8921C71F718E040087C2B0 /* Products */ = {
			isa = PBXGroup;
			children = (
				8A8921C61F718E040087C2B0 /* ARKit-Sampler.app */,
			);
			name = Products;
			sourceTree = "<group>";
		};
		8A8921C81F718E040087C2B0 /* ARKit-Sampler */ = {
			isa = PBXGroup;
			children = (
				8A8921D01F718E040087C2B0 /* Assets.xcassets */,
				8A8921D51F718E040087C2B0 /* Info.plist */,
				8A8921D21F718E040087C2B0 /* LaunchScreen.storyboard */,
				8A8921CD1F718E040087C2B0 /* Main.storyboard */,
				8A8921C91F718E040087C2B0 /* AppDelegate.swift */,
				8A8921DB1F7190010087C2B0 /* RootViewController.swift */,
				8A086D931F71941C00951ABF /* RootViewCell.swift */,
				8A8921DD1F7191370087C2B0 /* SampleDataSource.swift */,
				8A086D951F71967800951ABF /* Samples */,
			);
			path = "ARKit-Sampler";
			sourceTree = "<group>";
		};
		8A9C49B71F71AC6600C8CB69 /* Simple */ = {
			isa = PBXGroup;
			children = (
				8A086D981F7196A300951ABF /* SimpleViewController.swift */,
				8A086D961F71968C00951ABF /* Simple.storyboard */,
			);
			path = Simple;
			sourceTree = "<group>";
		};
		8A9C49B81F71AC7F00C8CB69 /* PlaneDetection */ = {
			isa = PBXGroup;
			children = (
				8A086DA51F719C2600951ABF /* PlaneDetectionViewController.swift */,
				8A086DA61F719C2600951ABF /* PlaneDetection.storyboard */,
			);
			path = PlaneDetection;
			sourceTree = "<group>";
		};
		8A9C49BA1F71AC9100C8CB69 /* VirtualObject */ = {
			isa = PBXGroup;
			children = (
				8A086DA91F71A08900951ABF /* VirtualObjectViewController.swift */,
				8A086DAA1F71A08900951ABF /* VirtualObject.storyboard */,
			);
			path = VirtualObject;
			sourceTree = "<group>";
		};
		8A9C49BB1F71ACAF00C8CB69 /* ARInteraction */ = {
			isa = PBXGroup;
			children = (
				8A9C49BD1F71ACAF00C8CB69 /* ARInteractionViewController.swift */,
				8A9C49BC1F71ACAF00C8CB69 /* ARInteraction.storyboard */,
			);
			path = ARInteraction;
			sourceTree = "<group>";
		};
		8A9C49C41F71B99900C8CB69 /* ARMeasure */ = {
			isa = PBXGroup;
			children = (
				8A9C49C61F71B99900C8CB69 /* ARMeasureViewController.swift */,
				8A9C49C51F71B99900C8CB69 /* ARMeasure.storyboard */,
			);
			path = ARMeasure;
			sourceTree = "<group>";
		};
		8A9C49C91F71BF0500C8CB69 /* ARDrawing */ = {
			isa = PBXGroup;
			children = (
				8A9C49CB1F71BF0500C8CB69 /* ARDrawingViewController.swift */,
				8A9C49CA1F71BF0500C8CB69 /* ARDrawing.storyboard */,
				8A9C49CC1F71BF0500C8CB69 /* DynamicGeometry.swift */,
			);
			path = ARDrawing;
			sourceTree = "<group>";
		};
		8A9C49D01F71C5D900C8CB69 /* ARObjectDetection */ = {
			isa = PBXGroup;
			children = (
				8A9C49D21F71C5D900C8CB69 /* ARObjectDetectionViewController.swift */,
				8A9C49D11F71C5D900C8CB69 /* ARObjectDetection.storyboard */,
				8A9C49D31F71C5D900C8CB69 /* TagNode.swift */,
			);
			path = ARObjectDetection;
			sourceTree = "<group>";
		};
		8A9C49D71F71C65B00C8CB69 /* mlmodels */ = {
			isa = PBXGroup;
			children = (
				8A9C49D81F71C65B00C8CB69 /* Inceptionv3.mlmodel */,
			);
			path = mlmodels;
			sourceTree = "<group>";
		};
		8A9C49DA1F71CD0D00C8CB69 /* ARMetal */ = {
			isa = PBXGroup;
			children = (
				8A9C49E61F71CEC600C8CB69 /* Shaders.metal */,
				8A9C49DC1F71CD0D00C8CB69 /* ARMetalViewController.swift */,
				8A9C49DB1F71CD0D00C8CB69 /* ARMetal.storyboard */,
				8AAECE131F7850D600C20BF9 /* ARMetalImageView.swift */,
				8A9C49DE1F71CD0D00C8CB69 /* MetalImageView */,
			);
			path = ARMetal;
			sourceTree = "<group>";
		};
		8A9C49DE1F71CD0D00C8CB69 /* MetalImageView */ = {
			isa = PBXGroup;
			children = (
				8A9C49E01F71CD0D00C8CB69 /* MetalImageView.swift */,
			);
			path = MetalImageView;
			sourceTree = "<group>";
		};
		8ADD3E761FF16CE500D988BD /* ARFaceSimple */ = {
			isa = PBXGroup;
			children = (
				8ADD3E781FF16CE500D988BD /* ARFaceSimpleViewController.swift */,
				8ADD3E771FF16CE500D988BD /* ARFaceSimple.storyboard */,
				8ADD3E7D1FF175AC00D988BD /* ARFaceNode.swift */,
			);
			path = ARFaceSimple;
			sourceTree = "<group>";
		};
		8AEDCA3C201F7BE100C56AF7 /* VerticalPlanes */ = {
			isa = PBXGroup;
			children = (
				8AEDCA3D201F7BE100C56AF7 /* VerticalPlanesViewController.swift */,
				8AEDCA3F201F7BFE00C56AF7 /* VerticalPlanes.storyboard */,
			);
			path = VerticalPlanes;
			sourceTree = "<group>";
		};
/* End PBXGroup section */

/* Begin PBXNativeTarget section */
		8A8921C51F718E040087C2B0 /* ARKit-Sampler */ = {
			isa = PBXNativeTarget;
			buildConfigurationList = 8A8921D81F718E040087C2B0 /* Build configuration list for PBXNativeTarget "ARKit-Sampler" */;
			buildPhases = (
				F0102A004559E363A8723412 /* [CP] Check Pods Manifest.lock */,
				8A8921C21F718E040087C2B0 /* Sources */,
				8A8921C31F718E040087C2B0 /* Frameworks */,
				8A8921C41F718E040087C2B0 /* Resources */,
				3BE237804945FD9F9FF71C87 /* [CP] Embed Pods Frameworks */,
			);
			buildRules = (
			);
			dependencies = (
			);
			name = "ARKit-Sampler";
			productName = "ARKit-Sampler";
			productReference = 8A8921C61F718E040087C2B0 /* ARKit-Sampler.app */;
			productType = "com.apple.product-type.application";
		};
/* End PBXNativeTarget section */

/* Begin PBXProject section */
		8A8921BE1F718E040087C2B0 /* Project object */ = {
			isa = PBXProject;
			attributes = {
				LastSwiftUpdateCheck = 0900;
				LastUpgradeCheck = 0930;
				ORGANIZATIONNAME = "Shuichi Tsutsumi";
				TargetAttributes = {
					8A8921C51F718E040087C2B0 = {
						CreatedOnToolsVersion = 9.0;
						LastSwiftMigration = 1020;
						ProvisioningStyle = Automatic;
					};
				};
			};
			buildConfigurationList = 8A8921C11F718E040087C2B0 /* Build configuration list for PBXProject "ARKit-Sampler" */;
			compatibilityVersion = "Xcode 8.0";
			developmentRegion = en;
			hasScannedForEncodings = 0;
			knownRegions = (
				en,
				Base,
			);
			mainGroup = 8A8921BD1F718E040087C2B0;
			productRefGroup = 8A8921C71F718E040087C2B0 /* Products */;
			projectDirPath = "";
			projectRoot = "";
			targets = (
				8A8921C51F718E040087C2B0 /* ARKit-Sampler */,
			);
		};
/* End PBXProject section */

/* Begin PBXResourcesBuildPhase section */
		8A8921C41F718E040087C2B0 /* Resources */ = {
			isa = PBXResourcesBuildPhase;
			buildActionMask = 2147483647;
			files = (
				8A18952D214355C900282899 /* teapot.usdz in Resources */,
				8ADD3E791FF16CE500D988BD /* ARFaceSimple.storyboard in Resources */,
				8A086DAC1F71A08900951ABF /* VirtualObject.storyboard in Resources */,
				8A8921D41F718E040087C2B0 /* LaunchScreen.storyboard in Resources */,
				8A9C49D41F71C5D900C8CB69 /* ARObjectDetection.storyboard in Resources */,
				8A18952B214350D400282899 /* USDZ.storyboard in Resources */,
				8A9C49BF1F71ACAF00C8CB69 /* ARInteraction.storyboard in Resources */,
				8A8921D11F718E040087C2B0 /* Assets.xcassets in Resources */,
				8A9C49CD1F71BF0500C8CB69 /* ARDrawing.storyboard in Resources */,
				8A430D332020D13200B646D3 /* ARSCNProgram.storyboard in Resources */,
				8A086D971F71968C00951ABF /* Simple.storyboard in Resources */,
				8A086DA81F719C2600951ABF /* PlaneDetection.storyboard in Resources */,
				8A086D9B1F7197F700951ABF /* models.scnassets in Resources */,
				8A783E562078D46F00B3A2D0 /* ShapedPlane.storyboard in Resources */,
				8A189526214350CC00282899 /* wheelbarrow.usdz in Resources */,
				8A8921CF1F718E040087C2B0 /* Main.storyboard in Resources */,
				8AEDCA40201F7BFE00C56AF7 /* VerticalPlanes.storyboard in Resources */,
				8A9C49C71F71B99900C8CB69 /* ARMeasure.storyboard in Resources */,
				8A9C49E11F71CD0D00C8CB69 /* ARMetal.storyboard in Resources */,
			);
			runOnlyForDeploymentPostprocessing = 0;
		};
/* End PBXResourcesBuildPhase section */

/* Begin PBXShellScriptBuildPhase section */
		3BE237804945FD9F9FF71C87 /* [CP] Embed Pods Frameworks */ = {
			isa = PBXShellScriptBuildPhase;
			buildActionMask = 2147483647;
			files = (
			);
			inputPaths = (
				"${PODS_ROOT}/Target Support Files/Pods-ARKit-Sampler/Pods-ARKit-Sampler-frameworks.sh",
				"${BUILT_PRODUCTS_DIR}/ColorSlider/ColorSlider.framework",
			);
			name = "[CP] Embed Pods Frameworks";
			outputPaths = (
				"${TARGET_BUILD_DIR}/${FRAMEWORKS_FOLDER_PATH}/ColorSlider.framework",
			);
			runOnlyForDeploymentPostprocessing = 0;
			shellPath = /bin/sh;
			shellScript = "\"${PODS_ROOT}/Target Support Files/Pods-ARKit-Sampler/Pods-ARKit-Sampler-frameworks.sh\"\n";
			showEnvVarsInLog = 0;
		};
		F0102A004559E363A8723412 /* [CP] Check Pods Manifest.lock */ = {
			isa = PBXShellScriptBuildPhase;
			buildActionMask = 2147483647;
			files = (
			);
			inputPaths = (
				"${PODS_PODFILE_DIR_PATH}/Podfile.lock",
				"${PODS_ROOT}/Manifest.lock",
			);
			name = "[CP] Check Pods Manifest.lock";
			outputPaths = (
				"$(DERIVED_FILE_DIR)/Pods-ARKit-Sampler-checkManifestLockResult.txt",
			);
			runOnlyForDeploymentPostprocessing = 0;
			shellPath = /bin/sh;
			shellScript = "diff \"${PODS_PODFILE_DIR_PATH}/Podfile.lock\" \"${PODS_ROOT}/Manifest.lock\" > /dev/null\nif [ $? != 0 ] ; then\n    # print error to STDERR\n    echo \"error: The sandbox is not in sync with the Podfile.lock. Run 'pod install' or update your CocoaPods installation.\" >&2\n    exit 1\nfi\n# This output is used by Xcode 'outputs' to avoid re-running this script phase.\necho \"SUCCESS\" > \"${SCRIPT_OUTPUT_FILE_0}\"\n";
			showEnvVarsInLog = 0;
		};
/* End PBXShellScriptBuildPhase section */

/* Begin PBXSourcesBuildPhase section */
		8A8921C21F718E040087C2B0 /* Sources */ = {
			isa = PBXSourcesBuildPhase;
			buildActionMask = 2147483647;
			files = (
				8AAECE141F7850D600C20BF9 /* ARMetalImageView.swift in Sources */,
				8A9C49D51F71C5D900C8CB69 /* ARObjectDetectionViewController.swift in Sources */,
				8A086DA31F7198D900951ABF /* SceneKitUtils.swift in Sources */,
				8A086DAB1F71A08900951ABF /* VirtualObjectViewController.swift in Sources */,
				8A9C49C81F71B99900C8CB69 /* ARMeasureViewController.swift in Sources */,
				8A9C49D91F71C65B00C8CB69 /* Inceptionv3.mlmodel in Sources */,
				8A8921CA1F718E040087C2B0 /* AppDelegate.swift in Sources */,
				8AEDCA3E201F7BE200C56AF7 /* VerticalPlanesViewController.swift in Sources */,
				8A086DA11F7198D900951ABF /* ARPlaneAnchor+Visualize.swift in Sources */,
				8ADD3E7E1FF175AC00D988BD /* ARFaceNode.swift in Sources */,
				8A9C49E71F71CEC600C8CB69 /* Shaders.metal in Sources */,
				8A9C49CE1F71BF0500C8CB69 /* ARDrawingViewController.swift in Sources */,
				8A086D991F7196A300951ABF /* SimpleViewController.swift in Sources */,
				8A9C49CF1F71BF0500C8CB69 /* DynamicGeometry.swift in Sources */,
				8ADD3E7A1FF16CE500D988BD /* ARFaceSimpleViewController.swift in Sources */,
				8A086DA71F719C2600951ABF /* PlaneDetectionViewController.swift in Sources */,
				8A8921DE1F7191370087C2B0 /* SampleDataSource.swift in Sources */,
				8A18952A214350D400282899 /* USDZViewController.swift in Sources */,
				8A9C49D61F71C5D900C8CB69 /* TagNode.swift in Sources */,
				8A783E542078D44B00B3A2D0 /* ShapedPlaneViewController.swift in Sources */,
				8A430D352020D15400B646D3 /* ARSCNProgramShader.metal in Sources */,
				8A086DA21F7198D900951ABF /* Common.swift in Sources */,
				8A9C49E51F71CD0D00C8CB69 /* MetalImageView.swift in Sources */,
				8A430D312020D11E00B646D3 /* ARSCNProgramViewController.swift in Sources */,
				8A8921DC1F7190010087C2B0 /* RootViewController.swift in Sources */,
				8A9C49C01F71ACAF00C8CB69 /* ARInteractionViewController.swift in Sources */,
				8A086D941F71941C00951ABF /* RootViewCell.swift in Sources */,
				8A9C49E21F71CD0D00C8CB69 /* ARMetalViewController.swift in Sources */,
				8A9C49C31F71B12D00C8CB69 /* VirtualObjectNode.swift in Sources */,
				8A086DA41F7198D900951ABF /* TrackingState+Description.swift in Sources */,
			);
			runOnlyForDeploymentPostprocessing = 0;
		};
/* End PBXSourcesBuildPhase section */

/* Begin PBXVariantGroup section */
		8A8921CD1F718E040087C2B0 /* Main.storyboard */ = {
			isa = PBXVariantGroup;
			children = (
				8A8921CE1F718E040087C2B0 /* Base */,
			);
			name = Main.storyboard;
			sourceTree = "<group>";
		};
		8A8921D21F718E040087C2B0 /* LaunchScreen.storyboard */ = {
			isa = PBXVariantGroup;
			children = (
				8A8921D31F718E040087C2B0 /* Base */,
			);
			name = LaunchScreen.storyboard;
			sourceTree = "<group>";
		};
/* End PBXVariantGroup section */

/* Begin XCBuildConfiguration section */
		8A8921D61F718E040087C2B0 /* Debug */ = {
			isa = XCBuildConfiguration;
			buildSettings = {
				ALWAYS_SEARCH_USER_PATHS = NO;
				CLANG_ANALYZER_NONNULL = YES;
				CLANG_ANALYZER_NUMBER_OBJECT_CONVERSION = YES_AGGRESSIVE;
				CLANG_CXX_LANGUAGE_STANDARD = "gnu++14";
				CLANG_CXX_LIBRARY = "libc++";
				CLANG_ENABLE_MODULES = YES;
				CLANG_ENABLE_OBJC_ARC = YES;
				CLANG_WARN_BLOCK_CAPTURE_AUTORELEASING = YES;
				CLANG_WARN_BOOL_CONVERSION = YES;
				CLANG_WARN_COMMA = YES;
				CLANG_WARN_CONSTANT_CONVERSION = YES;
				CLANG_WARN_DEPRECATED_OBJC_IMPLEMENTATIONS = YES;
				CLANG_WARN_DIRECT_OBJC_ISA_USAGE = YES_ERROR;
				CLANG_WARN_DOCUMENTATION_COMMENTS = YES;
				CLANG_WARN_EMPTY_BODY = YES;
				CLANG_WARN_ENUM_CONVERSION = YES;
				CLANG_WARN_INFINITE_RECURSION = YES;
				CLANG_WARN_INT_CONVERSION = YES;
				CLANG_WARN_NON_LITERAL_NULL_CONVERSION = YES;
				CLANG_WARN_OBJC_IMPLICIT_RETAIN_SELF = YES;
				CLANG_WARN_OBJC_LITERAL_CONVERSION = YES;
				CLANG_WARN_OBJC_ROOT_CLASS = YES_ERROR;
				CLANG_WARN_RANGE_LOOP_ANALYSIS = YES;
				CLANG_WARN_STRICT_PROTOTYPES = YES;
				CLANG_WARN_SUSPICIOUS_MOVE = YES;
				CLANG_WARN_UNGUARDED_AVAILABILITY = YES_AGGRESSIVE;
				CLANG_WARN_UNREACHABLE_CODE = YES;
				CLANG_WARN__DUPLICATE_METHOD_MATCH = YES;
				CODE_SIGN_IDENTITY = "iPhone Developer";
				COPY_PHASE_STRIP = NO;
				DEBUG_INFORMATION_FORMAT = dwarf;
				ENABLE_STRICT_OBJC_MSGSEND = YES;
				ENABLE_TESTABILITY = YES;
				GCC_C_LANGUAGE_STANDARD = gnu11;
				GCC_DYNAMIC_NO_PIC = NO;
				GCC_NO_COMMON_BLOCKS = YES;
				GCC_OPTIMIZATION_LEVEL = 0;
				GCC_PREPROCESSOR_DEFINITIONS = (
					"DEBUG=1",
					"$(inherited)",
				);
				GCC_WARN_64_TO_32_BIT_CONVERSION = YES;
				GCC_WARN_ABOUT_RETURN_TYPE = YES_ERROR;
				GCC_WARN_UNDECLARED_SELECTOR = YES;
				GCC_WARN_UNINITIALIZED_AUTOS = YES_AGGRESSIVE;
				GCC_WARN_UNUSED_FUNCTION = YES;
				GCC_WARN_UNUSED_VARIABLE = YES;
				IPHONEOS_DEPLOYMENT_TARGET = 11.0;
				MTL_ENABLE_DEBUG_INFO = YES;
				ONLY_ACTIVE_ARCH = YES;
				SDKROOT = iphoneos;
				SWIFT_ACTIVE_COMPILATION_CONDITIONS = DEBUG;
				SWIFT_OPTIMIZATION_LEVEL = "-Onone";
			};
			name = Debug;
		};
		8A8921D71F718E040087C2B0 /* Release */ = {
			isa = XCBuildConfiguration;
			buildSettings = {
				ALWAYS_SEARCH_USER_PATHS = NO;
				CLANG_ANALYZER_NONNULL = YES;
				CLANG_ANALYZER_NUMBER_OBJECT_CONVERSION = YES_AGGRESSIVE;
				CLANG_CXX_LANGUAGE_STANDARD = "gnu++14";
				CLANG_CXX_LIBRARY = "libc++";
				CLANG_ENABLE_MODULES = YES;
				CLANG_ENABLE_OBJC_ARC = YES;
				CLANG_WARN_BLOCK_CAPTURE_AUTORELEASING = YES;
				CLANG_WARN_BOOL_CONVERSION = YES;
				CLANG_WARN_COMMA = YES;
				CLANG_WARN_CONSTANT_CONVERSION = YES;
				CLANG_WARN_DEPRECATED_OBJC_IMPLEMENTATIONS = YES;
				CLANG_WARN_DIRECT_OBJC_ISA_USAGE = YES_ERROR;
				CLANG_WARN_DOCUMENTATION_COMMENTS = YES;
				CLANG_WARN_EMPTY_BODY = YES;
				CLANG_WARN_ENUM_CONVERSION = YES;
				CLANG_WARN_INFINITE_RECURSION = YES;
				CLANG_WARN_INT_CONVERSION = YES;
				CLANG_WARN_NON_LITERAL_NULL_CONVERSION = YES;
				CLANG_WARN_OBJC_IMPLICIT_RETAIN_SELF = YES;
				CLANG_WARN_OBJC_LITERAL_CONVERSION = YES;
				CLANG_WARN_OBJC_ROOT_CLASS = YES_ERROR;
				CLANG_WARN_RANGE_LOOP_ANALYSIS = YES;
				CLANG_WARN_STRICT_PROTOTYPES = YES;
				CLANG_WARN_SUSPICIOUS_MOVE = YES;
				CLANG_WARN_UNGUARDED_AVAILABILITY = YES_AGGRESSIVE;
				CLANG_WARN_UNREACHABLE_CODE = YES;
				CLANG_WARN__DUPLICATE_METHOD_MATCH = YES;
				CODE_SIGN_IDENTITY = "iPhone Developer";
				COPY_PHASE_STRIP = NO;
				DEBUG_INFORMATION_FORMAT = "dwarf-with-dsym";
				ENABLE_NS_ASSERTIONS = NO;
				ENABLE_STRICT_OBJC_MSGSEND = YES;
				GCC_C_LANGUAGE_STANDARD = gnu11;
				GCC_NO_COMMON_BLOCKS = YES;
				GCC_WARN_64_TO_32_BIT_CONVERSION = YES;
				GCC_WARN_ABOUT_RETURN_TYPE = YES_ERROR;
				GCC_WARN_UNDECLARED_SELECTOR = YES;
				GCC_WARN_UNINITIALIZED_AUTOS = YES_AGGRESSIVE;
				GCC_WARN_UNUSED_FUNCTION = YES;
				GCC_WARN_UNUSED_VARIABLE = YES;
				IPHONEOS_DEPLOYMENT_TARGET = 11.0;
				MTL_ENABLE_DEBUG_INFO = NO;
				SDKROOT = iphoneos;
				SWIFT_OPTIMIZATION_LEVEL = "-Owholemodule";
				VALIDATE_PRODUCT = YES;
			};
			name = Release;
		};
		8A8921D91F718E040087C2B0 /* Debug */ = {
			isa = XCBuildConfiguration;
			baseConfigurationReference = 1F13E8C5860DBEF1BD063CF8 /* Pods-ARKit-Sampler.debug.xcconfig */;
			buildSettings = {
				ASSETCATALOG_COMPILER_APPICON_NAME = AppIcon;
				CLANG_ENABLE_OBJC_WEAK = YES;
				CODE_SIGN_STYLE = Automatic;
				DEVELOPMENT_TEAM = 9Z86A4AWDE;
				INFOPLIST_FILE = "ARKit-Sampler/Info.plist";
				IPHONEOS_DEPLOYMENT_TARGET = 11.3;
				LD_RUNPATH_SEARCH_PATHS = "$(inherited) @executable_path/Frameworks";
				PRODUCT_BUNDLE_IDENTIFIER = "com.shu223.ARKit-Sampler";
				PRODUCT_NAME = "$(TARGET_NAME)";
				SWIFT_VERSION = 5.0;
				TARGETED_DEVICE_FAMILY = 1;
			};
			name = Debug;
		};
		8A8921DA1F718E040087C2B0 /* Release */ = {
			isa = XCBuildConfiguration;
			baseConfigurationReference = 8FBAFB21E706B4A02B0EA992 /* Pods-ARKit-Sampler.release.xcconfig */;
			buildSettings = {
				ASSETCATALOG_COMPILER_APPICON_NAME = AppIcon;
				CLANG_ENABLE_OBJC_WEAK = YES;
				CODE_SIGN_STYLE = Automatic;
				DEVELOPMENT_TEAM = 9Z86A4AWDE;
				INFOPLIST_FILE = "ARKit-Sampler/Info.plist";
				IPHONEOS_DEPLOYMENT_TARGET = 11.3;
				LD_RUNPATH_SEARCH_PATHS = "$(inherited) @executable_path/Frameworks";
				PRODUCT_BUNDLE_IDENTIFIER = "com.shu223.ARKit-Sampler";
				PRODUCT_NAME = "$(TARGET_NAME)";
				SWIFT_VERSION = 5.0;
				TARGETED_DEVICE_FAMILY = 1;
			};
			name = Release;
		};
/* End XCBuildConfiguration section */

/* Begin XCConfigurationList section */
		8A8921C11F718E040087C2B0 /* Build configuration list for PBXProject "ARKit-Sampler" */ = {
			isa = XCConfigurationList;
			buildConfigurations = (
				8A8921D61F718E040087C2B0 /* Debug */,
				8A8921D71F718E040087C2B0 /* Release */,
			);
			defaultConfigurationIsVisible = 0;
			defaultConfigurationName = Release;
		};
		8A8921D81F718E040087C2B0 /* Build configuration list for PBXNativeTarget "ARKit-Sampler" */ = {
			isa = XCConfigurationList;
			buildConfigurations = (
				8A8921D91F718E040087C2B0 /* Debug */,
				8A8921DA1F718E040087C2B0 /* Release */,
			);
			defaultConfigurationIsVisible = 0;
			defaultConfigurationName = Release;
		};
/* End XCConfigurationList section */
	};
	rootObject = 8A8921BE1F718E040087C2B0 /* Project object */;
}
